
Microsoft Visual Studio Solution File, Format Version 12.00
# Visual Studio Version 16
VisualStudioVersion = 16.0.30309.148
MinimumVisualStudioVersion = 10.0.40219.1
Project("{FAE04EC0-301F-11D3-BF4B-00C04F79EFBC}") = "MvcMovie", "MvcMovie.csproj", "{E7F506AE-0FC0-486A-8B41-4DABB07200D8}"
EndProject
Global
	GlobalSection(SolutionConfigurationPlatforms) = preSolution
		Debug|Any CPU = Debug|Any CPU
		Release|Any CPU = Release|Any CPU
	EndGlobalSection
	GlobalSection(ProjectConfigurationPlatforms) = postSolution
		{E7F506AE-0FC0-486A-8B41-4DABB07200D8}.Debug|Any CPU.ActiveCfg = Debug|Any CPU
		{E7F506AE-0FC0-486A-8B41-4DABB07200D8}.Debug|Any CPU.Build.0 = Debug|Any CPU
		{E7F506AE-0FC0-486A-8B41-4DABB07200D8}.Release|Any CPU.ActiveCfg = Release|Any CPU
		{E7F506AE-0FC0-486A-8B41-4DABB07200D8}.Release|Any CPU.Build.0 = Release|Any CPU
	EndGlobalSection
	GlobalSection(SolutionProperties) = preSolution
		HideSolutionNode = FALSE
	EndGlobalSection
	GlobalSection(ExtensibilityGlobals) = postSolution
		SolutionGuid = {D8CCA9F6-4850-422D-A2C0-BAA4EA8101D2}
	EndGlobalSection
EndGlobal
